
Microsoft Visual Studio Solution File, Format Version 12.00
# Visual Studio Version 16
VisualStudioVersion = 16.0.29728.190
MinimumVisualStudioVersion = 10.0.40219.1
Project("{FAE04EC0-301F-11D3-BF4B-00C04F79EFBC}") = "WhileLoopPractice", "WhileLoopPractice\WhileLoopPractice.csproj", "{B7FB4328-DECA-4CDE-88C7-11B6D9B12CF6}"
EndProject
Global
	GlobalSection(SolutionConfigurationPlatforms) = preSolution
		Debug|Any CPU = Debug|Any CPU
		Release|Any CPU = Release|Any CPU
	EndGlobalSection
	GlobalSection(ProjectConfigurationPlatforms) = postSolution
		{B7FB4328-DECA-4CDE-88C7-11B6D9B12CF6}.Debug|Any CPU.ActiveCfg = Debug|Any CPU
		{B7FB4328-DECA-4CDE-88C7-11B6D9B12CF6}.Debug|Any CPU.Build.0 = Debug|Any CPU
		{B7FB4328-DECA-4CDE-88C7-11B6D9B12CF6}.Release|Any CPU.ActiveCfg = Release|Any CPU
		{B7FB4328-DECA-4CDE-88C7-11B6D9B12CF6}.Release|Any CPU.Build.0 = Release|Any CPU
	EndGlobalSection
	GlobalSection(SolutionProperties) = preSolution
		HideSolutionNode = FALSE
	EndGlobalSection
	GlobalSection(ExtensibilityGlobals) = postSolution
		SolutionGuid = {8EAC8027-CB6F-4825-A723-F5491CB0FDC6}
	EndGlobalSection
EndGlobal
